Microsoft Visual Studio Solution File, Format Version 11.00
# Visual Studio 2008

Project("{A83341AC-5A3E-8654-45F8-6B219A4329AB}") = "outFoxed", "Assembly-CSharp-firstpass.csproj", "{2E00560A-352C-B543-7F68-1ADA7F8062DE}"
EndProject
Project("{A83341AC-5A3E-8654-45F8-6B219A4329AB}") = "outFoxed", "Assembly-CSharp.csproj", "{795B360B-C2A2-A94B-53BB-09BC5964249B}"
EndProject
Project("{A83341AC-5A3E-8654-45F8-6B219A4329AB}") = "outFoxed", "Assembly-CSharp-Editor.csproj", "{9CCA6FA6-D08C-9D38-930D-605678F37331}"
EndProject
Project("{A83341AC-5A3E-8654-45F8-6B219A4329AB}") = "outFoxed", "Assembly-UnityScript.unityproj", "{DAB581A3-59EB-F700-6452-E86DECA8357C}"
EndProject
Global
	GlobalSection(SolutionConfigurationPlatforms) = preSolution
		Debug|Any CPU = Debug|Any CPU
		Release|Any CPU = Release|Any CPU
	EndGlobalSection
	GlobalSection(ProjectConfigurationPlatforms) = postSolution
		{2E00560A-352C-B543-7F68-1ADA7F8062DE}.Debug|Any CPU.ActiveCfg = Debug|Any CPU
		{2E00560A-352C-B543-7F68-1ADA7F8062DE}.Debug|Any CPU.Build.0 = Debug|Any CPU
		{2E00560A-352C-B543-7F68-1ADA7F8062DE}.Release|Any CPU.ActiveCfg = Release|Any CPU
		{2E00560A-352C-B543-7F68-1ADA7F8062DE}.Release|Any CPU.Build.0 = Release|Any CPU
		{795B360B-C2A2-A94B-53BB-09BC5964249B}.Debug|Any CPU.ActiveCfg = Debug|Any CPU
		{795B360B-C2A2-A94B-53BB-09BC5964249B}.Debug|Any CPU.Build.0 = Debug|Any CPU
		{795B360B-C2A2-A94B-53BB-09BC5964249B}.Release|Any CPU.ActiveCfg = Release|Any CPU
		{795B360B-C2A2-A94B-53BB-09BC5964249B}.Release|Any CPU.Build.0 = Release|Any CPU
		{9CCA6FA6-D08C-9D38-930D-605678F37331}.Debug|Any CPU.ActiveCfg = Debug|Any CPU
		{9CCA6FA6-D08C-9D38-930D-605678F37331}.Debug|Any CPU.Build.0 = Debug|Any CPU
		{9CCA6FA6-D08C-9D38-930D-605678F37331}.Release|Any CPU.ActiveCfg = Release|Any CPU
		{9CCA6FA6-D08C-9D38-930D-605678F37331}.Release|Any CPU.Build.0 = Release|Any CPU
		{DAB581A3-59EB-F700-6452-E86DECA8357C}.Debug|Any CPU.ActiveCfg = Debug|Any CPU
		{DAB581A3-59EB-F700-6452-E86DECA8357C}.Debug|Any CPU.Build.0 = Debug|Any CPU
		{DAB581A3-59EB-F700-6452-E86DECA8357C}.Release|Any CPU.ActiveCfg = Release|Any CPU
		{DAB581A3-59EB-F700-6452-E86DECA8357C}.Release|Any CPU.Build.0 = Release|Any CPU
	EndGlobalSection
	GlobalSection(SolutionProperties) = preSolution
		HideSolutionNode = FALSE
	EndGlobalSection
																																																																																																			GlobalSection(MonoDevelopProperties) = preSolution
		StartupItem = Assembly-CSharp.csproj
		Policies = $0
		$0.TextStylePolicy = $1
		$1.inheritsSet = null
		$1.scope = text/x-csharp
		$0.CSharpFormattingPolicy = $2
		$2.inheritsSet = Mono
		$2.inheritsScope = text/x-csharp
		$2.scope = text/x-csharp
		$0.TextStylePolicy = $3
		$3.FileWidth = 120
		$3.TabWidth = 4
		$3.IndentWidth = 4
		$3.EolMarker = Unix
		$3.inheritsSet = Mono
		$3.inheritsScope = text/plain
		$3.scope = text/plain
	EndGlobalSection

EndGlobal
